
Microsoft Visual Studio Solution File, Format Version 12.00
# Visual Studio 14
VisualStudioVersion = 14.0.25420.1
MinimumVisualStudioVersion = 10.0.40219.1
Project("{FAE04EC0-301F-11D3-BF4B-00C04F79EFBC}") = "Algorithm.Primes.Eratosthenes.Tests", "Algorithm.Primes.Eratosthenes.Tests\Algorithm.Primes.Eratosthenes.Tests.csproj", "{8EDF4429-251A-416D-BB68-93F227191BCF}"
EndProject
Project("{FAE04EC0-301F-11D3-BF4B-00C04F79EFBC}") = "Algorithm.Primes.Eratosthenes", "Algorithm.Primes.Eratosthenes\Algorithm.Primes.Eratosthenes.csproj", "{8FFE18A6-31BB-46C7-9DEA-BA872AAA9A5D}"
EndProject
Project("{FAE04EC0-301F-11D3-BF4B-00C04F79EFBC}") = "Algorithm.Palindrome", "Algorithm.Palindrome\Algorithm.Palindrome.csproj", "{7EE4D07C-AB4F-4B45-921A-ABC370C54004}"
EndProject
Project("{FAE04EC0-301F-11D3-BF4B-00C04F79EFBC}") = "Algorithm.Palindrome.Tests", "Algorithm.Palindrome.Tests\Algorithm.Palindrome.Tests.csproj", "{393ADD74-E917-4F90-82D3-65120C0AB76B}"
EndProject
Project("{FAE04EC0-301F-11D3-BF4B-00C04F79EFBC}") = "Web.Api.Samples", "Web.Api.Samples\Web.Api.Samples.csproj", "{83BEA33A-4458-4856-9B80-1C8B3F5D31C6}"
EndProject
Project("{FAE04EC0-301F-11D3-BF4B-00C04F79EFBC}") = "Patterns.Memento.Client", "Patterns.Memento.Client\Patterns.Memento.Client.csproj", "{520D45FB-525B-4086-892C-FBD5C14E0061}"
EndProject
Project("{FAE04EC0-301F-11D3-BF4B-00C04F79EFBC}") = "Web.Api.Samples.Tests", "Web.Api.Samples.Tests\Web.Api.Samples.Tests.csproj", "{EE8F3459-D431-490F-B3D1-F84A335878AB}"
EndProject
Project("{2150E333-8FDC-42A3-9474-1A3956D46DE8}") = "Patterns", "Patterns", "{8F39549C-20D6-417D-AF16-A0D4EEC1D0F1}"
EndProject
Project("{2150E333-8FDC-42A3-9474-1A3956D46DE8}") = "Web.Api", "Web.Api", "{2405CDC7-B7BD-4AFD-908F-A06BB066D3A0}"
EndProject
Project("{2150E333-8FDC-42A3-9474-1A3956D46DE8}") = "Sorting", "Sorting", "{98B34D05-790B-4653-BC73-08DAB4AD30E9}"
EndProject
Project("{2150E333-8FDC-42A3-9474-1A3956D46DE8}") = "Data.Structures", "Data.Structures", "{E2D8D305-7583-4E08-91C8-36C809040505}"
EndProject
Project("{2150E333-8FDC-42A3-9474-1A3956D46DE8}") = "Tests", "Tests", "{ED95BF6E-9AE2-455F-A4FC-9CE6C2B44F9B}"
EndProject
Project("{FAE04EC0-301F-11D3-BF4B-00C04F79EFBC}") = "Data.Structures.LinkedLists.Tests", "Data.Structures.LinkedLists.Tests\Data.Structures.LinkedLists.Tests.csproj", "{417F57E4-4C25-46E2-93E4-66E08508FEE4}"
EndProject
Project("{FAE04EC0-301F-11D3-BF4B-00C04F79EFBC}") = "Data.Structures.LinkedLists", "Data.Structures.LinkedLists\Data.Structures.LinkedLists.csproj", "{05DAB2A1-057E-4310-AEA0-DDD36D5501D7}"
EndProject
Project("{2150E333-8FDC-42A3-9474-1A3956D46DE8}") = "Shellsort", "Shellsort", "{AC1F7B2B-54CC-4928-8551-ABF3C9102A78}"
EndProject
Project("{FAE04EC0-301F-11D3-BF4B-00C04F79EFBC}") = "Sorting.Shellsort", "Sorting.Shellsort\Sorting.Shellsort.csproj", "{D6F7BF0E-B310-42C4-A348-56DC856C516A}"
EndProject
Project("{FAE04EC0-301F-11D3-BF4B-00C04F79EFBC}") = "Sorting.Shellsort.Tests", "Sorting.Shellsort.Tests\Sorting.Shellsort.Tests.csproj", "{071C7EF2-49B7-4064-AC10-F06133FB3366}"
EndProject
Project("{2150E333-8FDC-42A3-9474-1A3956D46DE8}") = "Tests", "Tests", "{0905E2F1-64C7-42A3-B825-DDBD09232DED}"
EndProject
Project("{2150E333-8FDC-42A3-9474-1A3956D46DE8}") = "LinkedList", "LinkedList", "{1E20535D-4687-4284-8CB1-345D4A862F7A}"
EndProject
Project("{2150E333-8FDC-42A3-9474-1A3956D46DE8}") = "Behavioral", "Behavioral", "{4B25786F-A462-406E-9290-50A3F782693A}"
EndProject
Project("{2150E333-8FDC-42A3-9474-1A3956D46DE8}") = "Structural", "Structural", "{72338640-74DE-42D2-B000-6BB51F7E990E}"
EndProject
Project("{2150E333-8FDC-42A3-9474-1A3956D46DE8}") = "Visitor", "Visitor", "{1DF9825D-5BB2-4B64-9282-545BB7D1E16C}"
EndProject
Project("{2150E333-8FDC-42A3-9474-1A3956D46DE8}") = "Memento", "Memento", "{7C9F3636-FBA0-47CE-8CBE-BAA5EA6C0467}"
EndProject
Project("{2150E333-8FDC-42A3-9474-1A3956D46DE8}") = "Observer", "Observer", "{CB2C6C9C-1470-4085-AD23-74162B4B8BE6}"
EndProject
Project("{2150E333-8FDC-42A3-9474-1A3956D46DE8}") = "Adapter", "Adapter", "{C64BA2A4-8A8A-44A7-AF90-DA8A37C812FF}"
EndProject
Project("{2150E333-8FDC-42A3-9474-1A3956D46DE8}") = "Algorithms", "Algorithms", "{8E5224B0-A010-4D9E-95AF-2C3DB2DC61FD}"
EndProject
Project("{2150E333-8FDC-42A3-9474-1A3956D46DE8}") = "Pivot", "Pivot", "{DEBEBB71-9DE8-4712-9D8A-E5151BF03B3B}"
EndProject
Project("{2150E333-8FDC-42A3-9474-1A3956D46DE8}") = "Tests", "Tests", "{ED532DE1-BA9E-4444-ACDF-8CE727A67AB8}"
EndProject
Project("{FAE04EC0-301F-11D3-BF4B-00C04F79EFBC}") = "Algorithm.Pivot.Tests", "Algorithm.Pivot.Tests\Algorithm.Pivot.Tests.csproj", "{1021AE4E-2288-4503-B087-E591C1A03360}"
EndProject
Project("{FAE04EC0-301F-11D3-BF4B-00C04F79EFBC}") = "Algorithm.Pivot", "Algorithm.Pivot\Algorithm.Pivot.csproj", "{FE801DD8-7697-4CE9-9A37-C6270F348672}"
EndProject
Project("{2150E333-8FDC-42A3-9474-1A3956D46DE8}") = "SelectionSort", "SelectionSort", "{D6A0E424-F142-4729-9BE6-C14735290610}"
EndProject
Project("{2150E333-8FDC-42A3-9474-1A3956D46DE8}") = "Tests", "Tests", "{0B0FF336-4A19-4D92-97FA-07F26597E2B1}"
EndProject
Project("{FAE04EC0-301F-11D3-BF4B-00C04F79EFBC}") = "Sorting.SelectionSort.Tests", "Sorting.SelectionSort.Tests\Sorting.SelectionSort.Tests.csproj", "{48F7F360-27AE-4C3C-85D0-57D20C49FE13}"
EndProject
Project("{FAE04EC0-301F-11D3-BF4B-00C04F79EFBC}") = "Sorting.SelectionSort", "Sorting.SelectionSort\Sorting.SelectionSort.csproj", "{A472B64D-3BF5-4A4F-B3E0-79874E4543BA}"
EndProject
Project("{2150E333-8FDC-42A3-9474-1A3956D46DE8}") = "Primes", "Primes", "{2769A9CF-8E98-4944-B7A6-3A0FB6FDFDD5}"
EndProject
Project("{2150E333-8FDC-42A3-9474-1A3956D46DE8}") = "Tests", "Tests", "{568D82B8-C1F2-4E55-8F3D-53F85EBB3BFC}"
EndProject
Project("{2150E333-8FDC-42A3-9474-1A3956D46DE8}") = "Algorithm.Palindrome", "Algorithm.Palindrome", "{3F833A6F-AF79-458D-A50C-B073629D67E7}"
EndProject
Project("{2150E333-8FDC-42A3-9474-1A3956D46DE8}") = "Tests", "Tests", "{A047C4BC-A0F6-4800-89BC-642EAC675FAC}"
EndProject
Project("{2150E333-8FDC-42A3-9474-1A3956D46DE8}") = "Tests", "Tests", "{6FB12B88-E26E-4932-9B46-744950A24FFE}"
EndProject
Project("{2150E333-8FDC-42A3-9474-1A3956D46DE8}") = "Tests", "Tests", "{4D153E52-4D66-45E6-A4E8-E5EB7D01AE53}"
EndProject
Project("{2150E333-8FDC-42A3-9474-1A3956D46DE8}") = "Tests", "Tests", "{059750E0-26BC-4620-B48D-AEFBE5209DB3}"
EndProject
Project("{2150E333-8FDC-42A3-9474-1A3956D46DE8}") = "Tests", "Tests", "{F60240CA-2970-4A7D-AE52-9FB31114D3FE}"
EndProject
Project("{2150E333-8FDC-42A3-9474-1A3956D46DE8}") = "ReverseInteger", "ReverseInteger", "{B7FF9040-F869-4A8B-81B8-02797856532B}"
EndProject
Project("{2150E333-8FDC-42A3-9474-1A3956D46DE8}") = "Tests", "Tests", "{77DE9060-1330-4AB5-966F-D3E956E2DD97}"
EndProject
Project("{FAE04EC0-301F-11D3-BF4B-00C04F79EFBC}") = "Algorithm.ReverseInteger", "Algorithm.ReverseInteger\Algorithm.ReverseInteger.csproj", "{343284CB-3738-4384-BF2E-319799250A70}"
EndProject
Project("{FAE04EC0-301F-11D3-BF4B-00C04F79EFBC}") = "Algorithm.ReverseInteger.Tests", "Algorithm.ReverseInteger.Tests\Algorithm.ReverseInteger.Tests.csproj", "{5E8E3396-C001-46C2-9616-909F158A3D8A}"
EndProject
Project("{2150E333-8FDC-42A3-9474-1A3956D46DE8}") = "Creational", "Creational", "{155C7ED4-FDD5-489C-9AEC-8FF7E58ECD07}"
EndProject
Project("{2150E333-8FDC-42A3-9474-1A3956D46DE8}") = "Singleton", "Singleton", "{333D634F-F204-44DC-93A2-907E6F2DB672}"
EndProject
Project("{2150E333-8FDC-42A3-9474-1A3956D46DE8}") = "Tests", "Tests", "{F92190A4-DE62-49FD-9E46-9FBFE56351F8}"
EndProject
Project("{FAE04EC0-301F-11D3-BF4B-00C04F79EFBC}") = "Patterns.Singleton", "Patterns.Singleton\Patterns.Singleton.csproj", "{7B01A10B-D765-46D5-8C67-9662B40F0F7F}"
EndProject
Project("{FAE04EC0-301F-11D3-BF4B-00C04F79EFBC}") = "Patterns.Singleton.Tests", "Patterns.Singleton.Tests\Patterns.Singleton.Tests.csproj", "{C5B185CE-3757-4EBE-B944-EF4AA876FFAC}"
EndProject
Project("{2150E333-8FDC-42A3-9474-1A3956D46DE8}") = "Factory", "Factory", "{D5C3E215-686A-4171-9E87-248BC8836B8B}"
EndProject
Project("{2150E333-8FDC-42A3-9474-1A3956D46DE8}") = "Tests", "Tests", "{365825E5-43CF-4E7C-87B5-69C592BB0C5E}"
EndProject
Project("{FAE04EC0-301F-11D3-BF4B-00C04F79EFBC}") = "Patterns.Factory", "Patterns.Factory\Patterns.Factory.csproj", "{0B1B2132-1300-4EDA-9982-F0C76E04E1C9}"
EndProject
Project("{FAE04EC0-301F-11D3-BF4B-00C04F79EFBC}") = "Patterns.Factory.Tests", "Patterns.Factory.Tests\Patterns.Factory.Tests.csproj", "{90916D36-D213-4AE3-8BB4-CFD023FC1569}"
EndProject
Project("{2150E333-8FDC-42A3-9474-1A3956D46DE8}") = "BubbleSort", "BubbleSort", "{757B3872-EC61-4474-A3D6-DD2E1F569A34}"
EndProject
Project("{2150E333-8FDC-42A3-9474-1A3956D46DE8}") = "Tests", "Tests", "{0E44335C-AB32-4DC2-B028-C879D52E171C}"
EndProject
Project("{FAE04EC0-301F-11D3-BF4B-00C04F79EFBC}") = "Sorting.Bubblesort", "Sorting.Bubblesort\Sorting.Bubblesort.csproj", "{717A26FD-F7F8-417B-95D9-1A3008DAB2E8}"
EndProject
Project("{FAE04EC0-301F-11D3-BF4B-00C04F79EFBC}") = "Sorting.Bubblesort.Tests", "Sorting.Bubblesort.Tests\Sorting.Bubblesort.Tests.csproj", "{BF0D79EE-773E-437F-AD1F-B9FD9BB180C9}"
EndProject
Project("{2150E333-8FDC-42A3-9474-1A3956D46DE8}") = "Stack", "Stack", "{7D4F643C-E1FE-4358-B64A-D3D8F9C3C07B}"
EndProject
Project("{2150E333-8FDC-42A3-9474-1A3956D46DE8}") = "Tests", "Tests", "{5AE53B5D-7836-4D47-9FB1-C9E371894B4F}"
EndProject
Project("{FAE04EC0-301F-11D3-BF4B-00C04F79EFBC}") = "Data.Structures.Stack.Tests", "Data.Structures.Stack.Tests\Data.Structures.Stack.Tests.csproj", "{49A3F64D-58A8-4B4A-894A-ACFED9317B21}"
EndProject
Project("{FAE04EC0-301F-11D3-BF4B-00C04F79EFBC}") = "Data.Structures.Stack", "Data.Structures.Stack\Data.Structures.Stack.csproj", "{C0EF0607-F743-4E15-8507-F8FC0999D9C7}"
EndProject
Project("{2150E333-8FDC-42A3-9474-1A3956D46DE8}") = "SpecialCasePattern", "SpecialCasePattern", "{BA0EE1F3-A8D7-429E-8414-196C0C209F30}"
EndProject
Project("{FAE04EC0-301F-11D3-BF4B-00C04F79EFBC}") = "Patterns.SpecialCase", "Patterns.SpecialCase\Patterns.SpecialCase.csproj", "{833EDA81-C661-4000-A2E1-E23C487277F7}"
EndProject
Project("{2150E333-8FDC-42A3-9474-1A3956D46DE8}") = "Tests", "Tests", "{9579ABDA-F0E6-4BBF-AD55-BCB96BDBE97A}"
EndProject
Project("{FAE04EC0-301F-11D3-BF4B-00C04F79EFBC}") = "Patterns.SpecialCase.Tests", "Patterns.SpecialCase.Tests\Patterns.SpecialCase.Tests.csproj", "{221A29D5-7EFC-4706-ADF7-0AE48C3ECF55}"
EndProject
Project("{FAE04EC0-301F-11D3-BF4B-00C04F79EFBC}") = "Patterns.Visitor", "Patterns.Visitor\Patterns.Visitor.csproj", "{01B126D0-AA8B-460D-B570-1A75F1A51201}"
EndProject
Project("{FAE04EC0-301F-11D3-BF4B-00C04F79EFBC}") = "Patterns.Visitor.Tests", "Patterns.Visitor.Tests\Patterns.Visitor.Tests.csproj", "{0D00FCBD-7EF0-4608-A3CF-997B082633D2}"
EndProject
Project("{2150E333-8FDC-42A3-9474-1A3956D46DE8}") = "Quicksort", "Quicksort", "{247AE950-F915-4B85-AAFD-DFF4055A5CBD}"
EndProject
Project("{2150E333-8FDC-42A3-9474-1A3956D46DE8}") = "Tests", "Tests", "{8F01AA30-527E-4D7A-8937-AEEA83650C39}"
EndProject
Project("{FAE04EC0-301F-11D3-BF4B-00C04F79EFBC}") = "Sorting.Quicksort", "Sorting.Quicksort\Sorting.Quicksort.csproj", "{A5A38B1E-20F0-43D6-A66C-FAFF79264C5A}"
EndProject
Project("{FAE04EC0-301F-11D3-BF4B-00C04F79EFBC}") = "Sorting.Quicksort.Tests", "Sorting.Quicksort.Tests\Sorting.Quicksort.Tests.csproj", "{CA2EE662-B010-45BA-AF11-A14BC8448AF3}"
EndProject
Project("{FAE04EC0-301F-11D3-BF4B-00C04F79EFBC}") = "Patterns.Observer.Tests", "Patterns.Observer.Tests\Patterns.Observer.Tests.csproj", "{00FB2B12-6038-4467-A5E4-C2B862C59399}"
EndProject
Project("{FAE04EC0-301F-11D3-BF4B-00C04F79EFBC}") = "Patterns.Observer", "Patterns.Observer\Patterns.Observer.csproj", "{C597B316-B90C-43C4-B9C7-EB5C89D905C4}"
EndProject
Project("{FAE04EC0-301F-11D3-BF4B-00C04F79EFBC}") = "Patterns.Memento.Tests", "Patterns.Memento.Tests\Patterns.Memento.Tests.csproj", "{52C49AA0-FEBB-4C36-88C6-12729ABF58CD}"
EndProject
Project("{FAE04EC0-301F-11D3-BF4B-00C04F79EFBC}") = "Patterns.Memento", "Patterns.Memento\Patterns.Memento.csproj", "{BF5E0D0A-9FF4-4079-B40A-160A326B634C}"
EndProject
Project("{2150E333-8FDC-42A3-9474-1A3956D46DE8}") = "Tests", "Tests", "{B0867E79-474D-47EC-B6F6-3BCB91477856}"
EndProject
Project("{FAE04EC0-301F-11D3-BF4B-00C04F79EFBC}") = "Patterns.Adapter.Tests", "Patterns.Adapter.Tests\Patterns.Adapter.Tests.csproj", "{86D707A7-6360-4BE2-9F9A-276066BB0D47}"
EndProject
Project("{FAE04EC0-301F-11D3-BF4B-00C04F79EFBC}") = "Patterns.Adapter", "Patterns.Adapter\Patterns.Adapter.csproj", "{3FE19E0B-4A89-4632-A657-AAC154A1D53E}"
EndProject
Project("{2150E333-8FDC-42A3-9474-1A3956D46DE8}") = "MergeSort", "MergeSort", "{90C4917B-FFC4-4BB3-8DC1-46C0C723721D}"
EndProject
Project("{2150E333-8FDC-42A3-9474-1A3956D46DE8}") = "Tests", "Tests", "{413EC6E9-A426-4F9A-BECB-6DAC215A05A1}"
EndProject
Project("{FAE04EC0-301F-11D3-BF4B-00C04F79EFBC}") = "Sorting.MergeSort", "Sorting.MergeSort\Sorting.MergeSort.csproj", "{0E3D1B7C-BDCE-40E1-975A-6914E9F86CEB}"
EndProject
Project("{FAE04EC0-301F-11D3-BF4B-00C04F79EFBC}") = "Sorting.MergeSort.Tests", "Sorting.MergeSort.Tests\Sorting.MergeSort.Tests.csproj", "{E0561AA4-85A5-47A8-BCC5-A8305C6E8DFE}"
EndProject
Project("{2150E333-8FDC-42A3-9474-1A3956D46DE8}") = "Strategy", "Strategy", "{14DA1CF2-C87B-41C7-8266-6AFB49201ADA}"
EndProject
Project("{2150E333-8FDC-42A3-9474-1A3956D46DE8}") = "Tests", "Tests", "{7063D1A6-45C4-4EBF-B9EE-EFE6329A3F23}"
EndProject
Project("{2150E333-8FDC-42A3-9474-1A3956D46DE8}") = "Decorator", "Decorator", "{93FF0879-BE53-4F1E-AE7E-EFF34B2BF16A}"
EndProject
Project("{2150E333-8FDC-42A3-9474-1A3956D46DE8}") = "Tests", "Tests", "{F88024F9-1EEF-49A2-93E8-79ADB658CD5F}"
EndProject
Project("{FAE04EC0-301F-11D3-BF4B-00C04F79EFBC}") = "Patterns.Decorator.Tests", "Patterns.Decorator.Tests\Patterns.Decorator.Tests.csproj", "{F6EE6D01-7126-41A4-BA5E-5B46799B9596}"
EndProject
Project("{FAE04EC0-301F-11D3-BF4B-00C04F79EFBC}") = "Patterns.Decorator", "Patterns.Decorator\Patterns.Decorator.csproj", "{8827F11D-BF4D-456B-BB8C-6F3A4F1C56EA}"
EndProject
Project("{FAE04EC0-301F-11D3-BF4B-00C04F79EFBC}") = "Patterns.Strategy", "Patterns.Strategy\Patterns.Strategy.csproj", "{85FEB2A5-14DA-4320-A091-78D7BEE90D5D}"
EndProject
Project("{2150E333-8FDC-42A3-9474-1A3956D46DE8}") = "Bridge", "Bridge", "{6AF7C1C8-D8BD-4BED-9AC0-494C97EB45CF}"
EndProject
Project("{FAE04EC0-301F-11D3-BF4B-00C04F79EFBC}") = "Patterns.Bridge", "Patterns.Bridge\Patterns.Bridge.csproj", "{D0A330AB-3629-46D2-B204-4248BDDABB33}"
EndProject
Project("{2150E333-8FDC-42A3-9474-1A3956D46DE8}") = "InsertionSort", "InsertionSort", "{C1887C6D-0465-4EFE-90CA-B9422CBE53EC}"
EndProject
Project("{2150E333-8FDC-42A3-9474-1A3956D46DE8}") = "Tests", "Tests", "{20BF549C-8B2A-4C44-9163-D2A43CD244EC}"
EndProject
Project("{FAE04EC0-301F-11D3-BF4B-00C04F79EFBC}") = "Sorting.InsertionSort.Tests", "Sorting.InsertionSort.Tests\Sorting.InsertionSort.Tests.csproj", "{90826AAC-7E1D-47C5-A571-9CF377BFD6ED}"
EndProject
Project("{FAE04EC0-301F-11D3-BF4B-00C04F79EFBC}") = "Sorting.InsertionSort", "Sorting.InsertionSort\Sorting.InsertionSort.csproj", "{1F46D01A-331C-4849-89D4-A8711488C031}"
EndProject
Project("{2150E333-8FDC-42A3-9474-1A3956D46DE8}") = "Iterator", "Iterator", "{3A2D2F21-BAFF-4E03-B05C-9DB04146D621}"
EndProject
Project("{FAE04EC0-301F-11D3-BF4B-00C04F79EFBC}") = "Patterns.Iterator", "Patterns.Iterator\Patterns.Iterator.csproj", "{91C2B6CC-79B2-4F25-AF27-3096677D1BF9}"
EndProject
Project("{2150E333-8FDC-42A3-9474-1A3956D46DE8}") = "Tests", "Tests", "{32A4E9EF-90B3-45EC-82CB-AA6DDCE0CAB9}"
EndProject
Project("{FAE04EC0-301F-11D3-BF4B-00C04F79EFBC}") = "Patterns.Iterator.Tests", "Patterns.Iterator.Tests\Patterns.Iterator.Tests.csproj", "{3F13248C-C4DE-43EE-9039-E1E70B538B4B}"
EndProject
Project("{FAE04EC0-301F-11D3-BF4B-00C04F79EFBC}") = "Patterns.Strategy.Tests", "Patterns.Strategy.Tests\Patterns.Strategy.Tests.csproj", "{33904CE6-05EB-469C-AD97-E1EEED7BFFCF}"
EndProject
Project("{2150E333-8FDC-42A3-9474-1A3956D46DE8}") = "Command", "Command", "{982F58A3-572D-4BE5-A281-92E38A1E8755}"
EndProject
Project("{FAE04EC0-301F-11D3-BF4B-00C04F79EFBC}") = "Patterns.Command.Tests", "Patterns.Command.Tests\Patterns.Command.Tests.csproj", "{33679E7D-697E-498A-BC97-DEBFF66C7BFB}"
EndProject
Project("{2150E333-8FDC-42A3-9474-1A3956D46DE8}") = "Tests", "Tests", "{54CE2E53-629A-425D-B64B-EF093D30DDE8}"
EndProject
Project("{FAE04EC0-301F-11D3-BF4B-00C04F79EFBC}") = "Patterns.Command", "Patterns.Command\Patterns.Command.csproj", "{209F324D-1A57-43F0-871A-FE962E443584}"
EndProject
Project("{FAE04EC0-301F-11D3-BF4B-00C04F79EFBC}") = "Patterns.Observer.Client", "Patterns.Observer.Client\Patterns.Observer.Client.csproj", "{CE10FB8D-A620-456C-8F5F-4727352ED2F8}"
EndProject
Project("{2150E333-8FDC-42A3-9474-1A3956D46DE8}") = "Solution Items", "Solution Items", "{DA01D9E2-176C-41B4-B332-6A785D12740B}"
	ProjectSection(SolutionItems) = preProject
		.travis.yml = .travis.yml
		README.md = README.md
	EndProjectSection
EndProject
Project("{2150E333-8FDC-42A3-9474-1A3956D46DE8}") = "Builder", "Builder", "{952B5E56-7381-480D-AD90-843426730448}"
EndProject
Project("{2150E333-8FDC-42A3-9474-1A3956D46DE8}") = "Tests", "Tests", "{5C0C16D1-6BA9-4411-BD71-0173FA6D107C}"
EndProject
Project("{FAE04EC0-301F-11D3-BF4B-00C04F79EFBC}") = "Patterns.Builder", "Patterns.Builder\Patterns.Builder.csproj", "{B2C0F510-7AA5-4BA3-A530-7183BE2CF449}"
EndProject
Project("{FAE04EC0-301F-11D3-BF4B-00C04F79EFBC}") = "Patterns.Builder.Tests", "Patterns.Builder.Tests\Patterns.Builder.Tests.csproj", "{FBAD61E9-8625-43DC-A7A4-6CAE1C58A0BD}"
EndProject
Global
	GlobalSection(SolutionConfigurationPlatforms) = preSolution
		Debug|Any CPU = Debug|Any CPU
		Release|Any CPU = Release|Any CPU
	EndGlobalSection
	GlobalSection(ProjectConfigurationPlatforms) = postSolution
		{8EDF4429-251A-416D-BB68-93F227191BCF}.Debug|Any CPU.ActiveCfg = Debug|Any CPU
		{8EDF4429-251A-416D-BB68-93F227191BCF}.Debug|Any CPU.Build.0 = Debug|Any CPU
		{8EDF4429-251A-416D-BB68-93F227191BCF}.Release|Any CPU.ActiveCfg = Release|Any CPU
		{8EDF4429-251A-416D-BB68-93F227191BCF}.Release|Any CPU.Build.0 = Release|Any CPU
		{8FFE18A6-31BB-46C7-9DEA-BA872AAA9A5D}.Debug|Any CPU.ActiveCfg = Debug|Any CPU
		{8FFE18A6-31BB-46C7-9DEA-BA872AAA9A5D}.Debug|Any CPU.Build.0 = Debug|Any CPU
		{8FFE18A6-31BB-46C7-9DEA-BA872AAA9A5D}.Release|Any CPU.ActiveCfg = Release|Any CPU
		{8FFE18A6-31BB-46C7-9DEA-BA872AAA9A5D}.Release|Any CPU.Build.0 = Release|Any CPU
		{7EE4D07C-AB4F-4B45-921A-ABC370C54004}.Debug|Any CPU.ActiveCfg = Debug|Any CPU
		{7EE4D07C-AB4F-4B45-921A-ABC370C54004}.Debug|Any CPU.Build.0 = Debug|Any CPU
		{7EE4D07C-AB4F-4B45-921A-ABC370C54004}.Release|Any CPU.ActiveCfg = Release|Any CPU
		{7EE4D07C-AB4F-4B45-921A-ABC370C54004}.Release|Any CPU.Build.0 = Release|Any CPU
		{393ADD74-E917-4F90-82D3-65120C0AB76B}.Debug|Any CPU.ActiveCfg = Debug|Any CPU
		{393ADD74-E917-4F90-82D3-65120C0AB76B}.Debug|Any CPU.Build.0 = Debug|Any CPU
		{393ADD74-E917-4F90-82D3-65120C0AB76B}.Release|Any CPU.ActiveCfg = Release|Any CPU
		{393ADD74-E917-4F90-82D3-65120C0AB76B}.Release|Any CPU.Build.0 = Release|Any CPU
		{83BEA33A-4458-4856-9B80-1C8B3F5D31C6}.Debug|Any CPU.ActiveCfg = Debug|Any CPU
		{83BEA33A-4458-4856-9B80-1C8B3F5D31C6}.Debug|Any CPU.Build.0 = Debug|Any CPU
		{83BEA33A-4458-4856-9B80-1C8B3F5D31C6}.Release|Any CPU.ActiveCfg = Release|Any CPU
		{83BEA33A-4458-4856-9B80-1C8B3F5D31C6}.Release|Any CPU.Build.0 = Release|Any CPU
		{520D45FB-525B-4086-892C-FBD5C14E0061}.Debug|Any CPU.ActiveCfg = Debug|Any CPU
		{520D45FB-525B-4086-892C-FBD5C14E0061}.Debug|Any CPU.Build.0 = Debug|Any CPU
		{520D45FB-525B-4086-892C-FBD5C14E0061}.Release|Any CPU.ActiveCfg = Release|Any CPU
		{520D45FB-525B-4086-892C-FBD5C14E0061}.Release|Any CPU.Build.0 = Release|Any CPU
		{EE8F3459-D431-490F-B3D1-F84A335878AB}.Debug|Any CPU.ActiveCfg = Debug|Any CPU
		{EE8F3459-D431-490F-B3D1-F84A335878AB}.Debug|Any CPU.Build.0 = Debug|Any CPU
		{EE8F3459-D431-490F-B3D1-F84A335878AB}.Release|Any CPU.ActiveCfg = Release|Any CPU
		{EE8F3459-D431-490F-B3D1-F84A335878AB}.Release|Any CPU.Build.0 = Release|Any CPU
		{417F57E4-4C25-46E2-93E4-66E08508FEE4}.Debug|Any CPU.ActiveCfg = Debug|Any CPU
		{417F57E4-4C25-46E2-93E4-66E08508FEE4}.Debug|Any CPU.Build.0 = Debug|Any CPU
		{417F57E4-4C25-46E2-93E4-66E08508FEE4}.Release|Any CPU.ActiveCfg = Release|Any CPU
		{417F57E4-4C25-46E2-93E4-66E08508FEE4}.Release|Any CPU.Build.0 = Release|Any CPU
		{05DAB2A1-057E-4310-AEA0-DDD36D5501D7}.Debug|Any CPU.ActiveCfg = Debug|Any CPU
		{05DAB2A1-057E-4310-AEA0-DDD36D5501D7}.Debug|Any CPU.Build.0 = Debug|Any CPU
		{05DAB2A1-057E-4310-AEA0-DDD36D5501D7}.Release|Any CPU.ActiveCfg = Release|Any CPU
		{05DAB2A1-057E-4310-AEA0-DDD36D5501D7}.Release|Any CPU.Build.0 = Release|Any CPU
		{D6F7BF0E-B310-42C4-A348-56DC856C516A}.Debug|Any CPU.ActiveCfg = Debug|Any CPU
		{D6F7BF0E-B310-42C4-A348-56DC856C516A}.Debug|Any CPU.Build.0 = Debug|Any CPU
		{D6F7BF0E-B310-42C4-A348-56DC856C516A}.Release|Any CPU.ActiveCfg = Release|Any CPU
		{D6F7BF0E-B310-42C4-A348-56DC856C516A}.Release|Any CPU.Build.0 = Release|Any CPU
		{071C7EF2-49B7-4064-AC10-F06133FB3366}.Debug|Any CPU.ActiveCfg = Debug|Any CPU
		{071C7EF2-49B7-4064-AC10-F06133FB3366}.Debug|Any CPU.Build.0 = Debug|Any CPU
		{071C7EF2-49B7-4064-AC10-F06133FB3366}.Release|Any CPU.ActiveCfg = Release|Any CPU
		{071C7EF2-49B7-4064-AC10-F06133FB3366}.Release|Any CPU.Build.0 = Release|Any CPU
		{1021AE4E-2288-4503-B087-E591C1A03360}.Debug|Any CPU.ActiveCfg = Debug|Any CPU
		{1021AE4E-2288-4503-B087-E591C1A03360}.Debug|Any CPU.Build.0 = Debug|Any CPU
		{1021AE4E-2288-4503-B087-E591C1A03360}.Release|Any CPU.ActiveCfg = Release|Any CPU
		{1021AE4E-2288-4503-B087-E591C1A03360}.Release|Any CPU.Build.0 = Release|Any CPU
		{FE801DD8-7697-4CE9-9A37-C6270F348672}.Debug|Any CPU.ActiveCfg = Debug|Any CPU
		{FE801DD8-7697-4CE9-9A37-C6270F348672}.Debug|Any CPU.Build.0 = Debug|Any CPU
		{FE801DD8-7697-4CE9-9A37-C6270F348672}.Release|Any CPU.ActiveCfg = Release|Any CPU
		{FE801DD8-7697-4CE9-9A37-C6270F348672}.Release|Any CPU.Build.0 = Release|Any CPU
		{48F7F360-27AE-4C3C-85D0-57D20C49FE13}.Debug|Any CPU.ActiveCfg = Debug|Any CPU
		{48F7F360-27AE-4C3C-85D0-57D20C49FE13}.Debug|Any CPU.Build.0 = Debug|Any CPU
		{48F7F360-27AE-4C3C-85D0-57D20C49FE13}.Release|Any CPU.ActiveCfg = Release|Any CPU
		{48F7F360-27AE-4C3C-85D0-57D20C49FE13}.Release|Any CPU.Build.0 = Release|Any CPU
		{A472B64D-3BF5-4A4F-B3E0-79874E4543BA}.Debug|Any CPU.ActiveCfg = Debug|Any CPU
		{A472B64D-3BF5-4A4F-B3E0-79874E4543BA}.Debug|Any CPU.Build.0 = Debug|Any CPU
		{A472B64D-3BF5-4A4F-B3E0-79874E4543BA}.Release|Any CPU.ActiveCfg = Release|Any CPU
		{A472B64D-3BF5-4A4F-B3E0-79874E4543BA}.Release|Any CPU.Build.0 = Release|Any CPU
		{343284CB-3738-4384-BF2E-319799250A70}.Debug|Any CPU.ActiveCfg = Debug|Any CPU
		{343284CB-3738-4384-BF2E-319799250A70}.Debug|Any CPU.Build.0 = Debug|Any CPU
		{343284CB-3738-4384-BF2E-319799250A70}.Release|Any CPU.ActiveCfg = Release|Any CPU
		{343284CB-3738-4384-BF2E-319799250A70}.Release|Any CPU.Build.0 = Release|Any CPU
		{5E8E3396-C001-46C2-9616-909F158A3D8A}.Debug|Any CPU.ActiveCfg = Debug|Any CPU
		{5E8E3396-C001-46C2-9616-909F158A3D8A}.Debug|Any CPU.Build.0 = Debug|Any CPU
		{5E8E3396-C001-46C2-9616-909F158A3D8A}.Release|Any CPU.ActiveCfg = Release|Any CPU
		{5E8E3396-C001-46C2-9616-909F158A3D8A}.Release|Any CPU.Build.0 = Release|Any CPU
		{7B01A10B-D765-46D5-8C67-9662B40F0F7F}.Debug|Any CPU.ActiveCfg = Debug|Any CPU
		{7B01A10B-D765-46D5-8C67-9662B40F0F7F}.Debug|Any CPU.Build.0 = Debug|Any CPU
		{7B01A10B-D765-46D5-8C67-9662B40F0F7F}.Release|Any CPU.ActiveCfg = Release|Any CPU
		{7B01A10B-D765-46D5-8C67-9662B40F0F7F}.Release|Any CPU.Build.0 = Release|Any CPU
		{C5B185CE-3757-4EBE-B944-EF4AA876FFAC}.Debug|Any CPU.ActiveCfg = Debug|Any CPU
		{C5B185CE-3757-4EBE-B944-EF4AA876FFAC}.Debug|Any CPU.Build.0 = Debug|Any CPU
		{C5B185CE-3757-4EBE-B944-EF4AA876FFAC}.Release|Any CPU.ActiveCfg = Release|Any CPU
		{C5B185CE-3757-4EBE-B944-EF4AA876FFAC}.Release|Any CPU.Build.0 = Release|Any CPU
		{0B1B2132-1300-4EDA-9982-F0C76E04E1C9}.Debug|Any CPU.ActiveCfg = Debug|Any CPU
		{0B1B2132-1300-4EDA-9982-F0C76E04E1C9}.Debug|Any CPU.Build.0 = Debug|Any CPU
		{0B1B2132-1300-4EDA-9982-F0C76E04E1C9}.Release|Any CPU.ActiveCfg = Release|Any CPU
		{0B1B2132-1300-4EDA-9982-F0C76E04E1C9}.Release|Any CPU.Build.0 = Release|Any CPU
		{90916D36-D213-4AE3-8BB4-CFD023FC1569}.Debug|Any CPU.ActiveCfg = Debug|Any CPU
		{90916D36-D213-4AE3-8BB4-CFD023FC1569}.Debug|Any CPU.Build.0 = Debug|Any CPU
		{90916D36-D213-4AE3-8BB4-CFD023FC1569}.Release|Any CPU.ActiveCfg = Release|Any CPU
		{90916D36-D213-4AE3-8BB4-CFD023FC1569}.Release|Any CPU.Build.0 = Release|Any CPU
		{717A26FD-F7F8-417B-95D9-1A3008DAB2E8}.Debug|Any CPU.ActiveCfg = Debug|Any CPU
		{717A26FD-F7F8-417B-95D9-1A3008DAB2E8}.Debug|Any CPU.Build.0 = Debug|Any CPU
		{717A26FD-F7F8-417B-95D9-1A3008DAB2E8}.Release|Any CPU.ActiveCfg = Release|Any CPU
		{717A26FD-F7F8-417B-95D9-1A3008DAB2E8}.Release|Any CPU.Build.0 = Release|Any CPU
		{BF0D79EE-773E-437F-AD1F-B9FD9BB180C9}.Debug|Any CPU.ActiveCfg = Debug|Any CPU
		{BF0D79EE-773E-437F-AD1F-B9FD9BB180C9}.Debug|Any CPU.Build.0 = Debug|Any CPU
		{BF0D79EE-773E-437F-AD1F-B9FD9BB180C9}.Release|Any CPU.ActiveCfg = Release|Any CPU
		{BF0D79EE-773E-437F-AD1F-B9FD9BB180C9}.Release|Any CPU.Build.0 = Release|Any CPU
		{49A3F64D-58A8-4B4A-894A-ACFED9317B21}.Debug|Any CPU.ActiveCfg = Debug|Any CPU
		{49A3F64D-58A8-4B4A-894A-ACFED9317B21}.Debug|Any CPU.Build.0 = Debug|Any CPU
		{49A3F64D-58A8-4B4A-894A-ACFED9317B21}.Release|Any CPU.ActiveCfg = Release|Any CPU
		{49A3F64D-58A8-4B4A-894A-ACFED9317B21}.Release|Any CPU.Build.0 = Release|Any CPU
		{C0EF0607-F743-4E15-8507-F8FC0999D9C7}.Debug|Any CPU.ActiveCfg = Debug|Any CPU
		{C0EF0607-F743-4E15-8507-F8FC0999D9C7}.Debug|Any CPU.Build.0 = Debug|Any CPU
		{C0EF0607-F743-4E15-8507-F8FC0999D9C7}.Release|Any CPU.ActiveCfg = Release|Any CPU
		{C0EF0607-F743-4E15-8507-F8FC0999D9C7}.Release|Any CPU.Build.0 = Release|Any CPU
		{833EDA81-C661-4000-A2E1-E23C487277F7}.Debug|Any CPU.ActiveCfg = Debug|Any CPU
		{833EDA81-C661-4000-A2E1-E23C487277F7}.Debug|Any CPU.Build.0 = Debug|Any CPU
		{833EDA81-C661-4000-A2E1-E23C487277F7}.Release|Any CPU.ActiveCfg = Release|Any CPU
		{833EDA81-C661-4000-A2E1-E23C487277F7}.Release|Any CPU.Build.0 = Release|Any CPU
		{221A29D5-7EFC-4706-ADF7-0AE48C3ECF55}.Debug|Any CPU.ActiveCfg = Debug|Any CPU
		{221A29D5-7EFC-4706-ADF7-0AE48C3ECF55}.Debug|Any CPU.Build.0 = Debug|Any CPU
		{221A29D5-7EFC-4706-ADF7-0AE48C3ECF55}.Release|Any CPU.ActiveCfg = Release|Any CPU
		{221A29D5-7EFC-4706-ADF7-0AE48C3ECF55}.Release|Any CPU.Build.0 = Release|Any CPU
		{01B126D0-AA8B-460D-B570-1A75F1A51201}.Debug|Any CPU.ActiveCfg = Debug|Any CPU
		{01B126D0-AA8B-460D-B570-1A75F1A51201}.Debug|Any CPU.Build.0 = Debug|Any CPU
		{01B126D0-AA8B-460D-B570-1A75F1A51201}.Release|Any CPU.ActiveCfg = Release|Any CPU
		{01B126D0-AA8B-460D-B570-1A75F1A51201}.Release|Any CPU.Build.0 = Release|Any CPU
		{0D00FCBD-7EF0-4608-A3CF-997B082633D2}.Debug|Any CPU.ActiveCfg = Debug|Any CPU
		{0D00FCBD-7EF0-4608-A3CF-997B082633D2}.Debug|Any CPU.Build.0 = Debug|Any CPU
		{0D00FCBD-7EF0-4608-A3CF-997B082633D2}.Release|Any CPU.ActiveCfg = Release|Any CPU
		{0D00FCBD-7EF0-4608-A3CF-997B082633D2}.Release|Any CPU.Build.0 = Release|Any CPU
		{A5A38B1E-20F0-43D6-A66C-FAFF79264C5A}.Debug|Any CPU.ActiveCfg = Debug|Any CPU
		{A5A38B1E-20F0-43D6-A66C-FAFF79264C5A}.Debug|Any CPU.Build.0 = Debug|Any CPU
		{A5A38B1E-20F0-43D6-A66C-FAFF79264C5A}.Release|Any CPU.ActiveCfg = Release|Any CPU
		{A5A38B1E-20F0-43D6-A66C-FAFF79264C5A}.Release|Any CPU.Build.0 = Release|Any CPU
		{CA2EE662-B010-45BA-AF11-A14BC8448AF3}.Debug|Any CPU.ActiveCfg = Debug|Any CPU
		{CA2EE662-B010-45BA-AF11-A14BC8448AF3}.Debug|Any CPU.Build.0 = Debug|Any CPU
		{CA2EE662-B010-45BA-AF11-A14BC8448AF3}.Release|Any CPU.ActiveCfg = Release|Any CPU
		{CA2EE662-B010-45BA-AF11-A14BC8448AF3}.Release|Any CPU.Build.0 = Release|Any CPU
		{00FB2B12-6038-4467-A5E4-C2B862C59399}.Debug|Any CPU.ActiveCfg = Debug|Any CPU
		{00FB2B12-6038-4467-A5E4-C2B862C59399}.Debug|Any CPU.Build.0 = Debug|Any CPU
		{00FB2B12-6038-4467-A5E4-C2B862C59399}.Release|Any CPU.ActiveCfg = Release|Any CPU
		{00FB2B12-6038-4467-A5E4-C2B862C59399}.Release|Any CPU.Build.0 = Release|Any CPU
		{C597B316-B90C-43C4-B9C7-EB5C89D905C4}.Debug|Any CPU.ActiveCfg = Debug|Any CPU
		{C597B316-B90C-43C4-B9C7-EB5C89D905C4}.Debug|Any CPU.Build.0 = Debug|Any CPU
		{C597B316-B90C-43C4-B9C7-EB5C89D905C4}.Release|Any CPU.ActiveCfg = Release|Any CPU
		{C597B316-B90C-43C4-B9C7-EB5C89D905C4}.Release|Any CPU.Build.0 = Release|Any CPU
		{52C49AA0-FEBB-4C36-88C6-12729ABF58CD}.Debug|Any CPU.ActiveCfg = Debug|Any CPU
		{52C49AA0-FEBB-4C36-88C6-12729ABF58CD}.Debug|Any CPU.Build.0 = Debug|Any CPU
		{52C49AA0-FEBB-4C36-88C6-12729ABF58CD}.Release|Any CPU.ActiveCfg = Release|Any CPU
		{52C49AA0-FEBB-4C36-88C6-12729ABF58CD}.Release|Any CPU.Build.0 = Release|Any CPU
		{BF5E0D0A-9FF4-4079-B40A-160A326B634C}.Debug|Any CPU.ActiveCfg = Debug|Any CPU
		{BF5E0D0A-9FF4-4079-B40A-160A326B634C}.Debug|Any CPU.Build.0 = Debug|Any CPU
		{BF5E0D0A-9FF4-4079-B40A-160A326B634C}.Release|Any CPU.ActiveCfg = Release|Any CPU
		{BF5E0D0A-9FF4-4079-B40A-160A326B634C}.Release|Any CPU.Build.0 = Release|Any CPU
		{86D707A7-6360-4BE2-9F9A-276066BB0D47}.Debug|Any CPU.ActiveCfg = Debug|Any CPU
		{86D707A7-6360-4BE2-9F9A-276066BB0D47}.Debug|Any CPU.Build.0 = Debug|Any CPU
		{86D707A7-6360-4BE2-9F9A-276066BB0D47}.Release|Any CPU.ActiveCfg = Release|Any CPU
		{86D707A7-6360-4BE2-9F9A-276066BB0D47}.Release|Any CPU.Build.0 = Release|Any CPU
		{3FE19E0B-4A89-4632-A657-AAC154A1D53E}.Debug|Any CPU.ActiveCfg = Debug|Any CPU
		{3FE19E0B-4A89-4632-A657-AAC154A1D53E}.Debug|Any CPU.Build.0 = Debug|Any CPU
		{3FE19E0B-4A89-4632-A657-AAC154A1D53E}.Release|Any CPU.ActiveCfg = Release|Any CPU
		{3FE19E0B-4A89-4632-A657-AAC154A1D53E}.Release|Any CPU.Build.0 = Release|Any CPU
		{0E3D1B7C-BDCE-40E1-975A-6914E9F86CEB}.Debug|Any CPU.ActiveCfg = Debug|Any CPU
		{0E3D1B7C-BDCE-40E1-975A-6914E9F86CEB}.Debug|Any CPU.Build.0 = Debug|Any CPU
		{0E3D1B7C-BDCE-40E1-975A-6914E9F86CEB}.Release|Any CPU.ActiveCfg = Release|Any CPU
		{0E3D1B7C-BDCE-40E1-975A-6914E9F86CEB}.Release|Any CPU.Build.0 = Release|Any CPU
		{E0561AA4-85A5-47A8-BCC5-A8305C6E8DFE}.Debug|Any CPU.ActiveCfg = Debug|Any CPU
		{E0561AA4-85A5-47A8-BCC5-A8305C6E8DFE}.Debug|Any CPU.Build.0 = Debug|Any CPU
		{E0561AA4-85A5-47A8-BCC5-A8305C6E8DFE}.Release|Any CPU.ActiveCfg = Release|Any CPU
		{E0561AA4-85A5-47A8-BCC5-A8305C6E8DFE}.Release|Any CPU.Build.0 = Release|Any CPU
		{F6EE6D01-7126-41A4-BA5E-5B46799B9596}.Debug|Any CPU.ActiveCfg = Debug|Any CPU
		{F6EE6D01-7126-41A4-BA5E-5B46799B9596}.Debug|Any CPU.Build.0 = Debug|Any CPU
		{F6EE6D01-7126-41A4-BA5E-5B46799B9596}.Release|Any CPU.ActiveCfg = Release|Any CPU
		{F6EE6D01-7126-41A4-BA5E-5B46799B9596}.Release|Any CPU.Build.0 = Release|Any CPU
		{8827F11D-BF4D-456B-BB8C-6F3A4F1C56EA}.Debug|Any CPU.ActiveCfg = Debug|Any CPU
		{8827F11D-BF4D-456B-BB8C-6F3A4F1C56EA}.Debug|Any CPU.Build.0 = Debug|Any CPU
		{8827F11D-BF4D-456B-BB8C-6F3A4F1C56EA}.Release|Any CPU.ActiveCfg = Release|Any CPU
		{8827F11D-BF4D-456B-BB8C-6F3A4F1C56EA}.Release|Any CPU.Build.0 = Release|Any CPU
		{85FEB2A5-14DA-4320-A091-78D7BEE90D5D}.Debug|Any CPU.ActiveCfg = Debug|Any CPU
		{85FEB2A5-14DA-4320-A091-78D7BEE90D5D}.Debug|Any CPU.Build.0 = Debug|Any CPU
		{85FEB2A5-14DA-4320-A091-78D7BEE90D5D}.Release|Any CPU.ActiveCfg = Release|Any CPU
		{85FEB2A5-14DA-4320-A091-78D7BEE90D5D}.Release|Any CPU.Build.0 = Release|Any CPU
		{D0A330AB-3629-46D2-B204-4248BDDABB33}.Debug|Any CPU.ActiveCfg = Debug|Any CPU
		{D0A330AB-3629-46D2-B204-4248BDDABB33}.Debug|Any CPU.Build.0 = Debug|Any CPU
		{D0A330AB-3629-46D2-B204-4248BDDABB33}.Release|Any CPU.ActiveCfg = Release|Any CPU
		{D0A330AB-3629-46D2-B204-4248BDDABB33}.Release|Any CPU.Build.0 = Release|Any CPU
		{90826AAC-7E1D-47C5-A571-9CF377BFD6ED}.Debug|Any CPU.ActiveCfg = Debug|Any CPU
		{90826AAC-7E1D-47C5-A571-9CF377BFD6ED}.Debug|Any CPU.Build.0 = Debug|Any CPU
		{90826AAC-7E1D-47C5-A571-9CF377BFD6ED}.Release|Any CPU.ActiveCfg = Release|Any CPU
		{90826AAC-7E1D-47C5-A571-9CF377BFD6ED}.Release|Any CPU.Build.0 = Release|Any CPU
		{1F46D01A-331C-4849-89D4-A8711488C031}.Debug|Any CPU.ActiveCfg = Debug|Any CPU
		{1F46D01A-331C-4849-89D4-A8711488C031}.Debug|Any CPU.Build.0 = Debug|Any CPU
		{1F46D01A-331C-4849-89D4-A8711488C031}.Release|Any CPU.ActiveCfg = Release|Any CPU
		{1F46D01A-331C-4849-89D4-A8711488C031}.Release|Any CPU.Build.0 = Release|Any CPU
		{91C2B6CC-79B2-4F25-AF27-3096677D1BF9}.Debug|Any CPU.ActiveCfg = Debug|Any CPU
		{91C2B6CC-79B2-4F25-AF27-3096677D1BF9}.Debug|Any CPU.Build.0 = Debug|Any CPU
		{91C2B6CC-79B2-4F25-AF27-3096677D1BF9}.Release|Any CPU.ActiveCfg = Release|Any CPU
		{91C2B6CC-79B2-4F25-AF27-3096677D1BF9}.Release|Any CPU.Build.0 = Release|Any CPU
		{3F13248C-C4DE-43EE-9039-E1E70B538B4B}.Debug|Any CPU.ActiveCfg = Debug|Any CPU
		{3F13248C-C4DE-43EE-9039-E1E70B538B4B}.Debug|Any CPU.Build.0 = Debug|Any CPU
		{3F13248C-C4DE-43EE-9039-E1E70B538B4B}.Release|Any CPU.ActiveCfg = Release|Any CPU
		{3F13248C-C4DE-43EE-9039-E1E70B538B4B}.Release|Any CPU.Build.0 = Release|Any CPU
		{33904CE6-05EB-469C-AD97-E1EEED7BFFCF}.Debug|Any CPU.ActiveCfg = Debug|Any CPU
		{33904CE6-05EB-469C-AD97-E1EEED7BFFCF}.Debug|Any CPU.Build.0 = Debug|Any CPU
		{33904CE6-05EB-469C-AD97-E1EEED7BFFCF}.Release|Any CPU.ActiveCfg = Release|Any CPU
		{33904CE6-05EB-469C-AD97-E1EEED7BFFCF}.Release|Any CPU.Build.0 = Release|Any CPU
		{33679E7D-697E-498A-BC97-DEBFF66C7BFB}.Debug|Any CPU.ActiveCfg = Debug|Any CPU
		{33679E7D-697E-498A-BC97-DEBFF66C7BFB}.Debug|Any CPU.Build.0 = Debug|Any CPU
		{33679E7D-697E-498A-BC97-DEBFF66C7BFB}.Release|Any CPU.ActiveCfg = Release|Any CPU
		{33679E7D-697E-498A-BC97-DEBFF66C7BFB}.Release|Any CPU.Build.0 = Release|Any CPU
		{209F324D-1A57-43F0-871A-FE962E443584}.Debug|Any CPU.ActiveCfg = Debug|Any CPU
		{209F324D-1A57-43F0-871A-FE962E443584}.Debug|Any CPU.Build.0 = Debug|Any CPU
		{209F324D-1A57-43F0-871A-FE962E443584}.Release|Any CPU.ActiveCfg = Release|Any CPU
		{209F324D-1A57-43F0-871A-FE962E443584}.Release|Any CPU.Build.0 = Release|Any CPU
		{CE10FB8D-A620-456C-8F5F-4727352ED2F8}.Debug|Any CPU.ActiveCfg = Debug|Any CPU
		{CE10FB8D-A620-456C-8F5F-4727352ED2F8}.Debug|Any CPU.Build.0 = Debug|Any CPU
		{CE10FB8D-A620-456C-8F5F-4727352ED2F8}.Release|Any CPU.ActiveCfg = Release|Any CPU
		{CE10FB8D-A620-456C-8F5F-4727352ED2F8}.Release|Any CPU.Build.0 = Release|Any CPU
		{B2C0F510-7AA5-4BA3-A530-7183BE2CF449}.Debug|Any CPU.ActiveCfg = Debug|Any CPU
		{B2C0F510-7AA5-4BA3-A530-7183BE2CF449}.Debug|Any CPU.Build.0 = Debug|Any CPU
		{B2C0F510-7AA5-4BA3-A530-7183BE2CF449}.Release|Any CPU.ActiveCfg = Release|Any CPU
		{B2C0F510-7AA5-4BA3-A530-7183BE2CF449}.Release|Any CPU.Build.0 = Release|Any CPU
		{FBAD61E9-8625-43DC-A7A4-6CAE1C58A0BD}.Debug|Any CPU.ActiveCfg = Debug|Any CPU
		{FBAD61E9-8625-43DC-A7A4-6CAE1C58A0BD}.Debug|Any CPU.Build.0 = Debug|Any CPU
		{FBAD61E9-8625-43DC-A7A4-6CAE1C58A0BD}.Release|Any CPU.ActiveCfg = Release|Any CPU
		{FBAD61E9-8625-43DC-A7A4-6CAE1C58A0BD}.Release|Any CPU.Build.0 = Release|Any CPU
	EndGlobalSection
	GlobalSection(SolutionProperties) = preSolution
		HideSolutionNode = FALSE
	EndGlobalSection
	GlobalSection(NestedProjects) = preSolution
		{8EDF4429-251A-416D-BB68-93F227191BCF} = {568D82B8-C1F2-4E55-8F3D-53F85EBB3BFC}
		{8FFE18A6-31BB-46C7-9DEA-BA872AAA9A5D} = {2769A9CF-8E98-4944-B7A6-3A0FB6FDFDD5}
		{7EE4D07C-AB4F-4B45-921A-ABC370C54004} = {3F833A6F-AF79-458D-A50C-B073629D67E7}
		{393ADD74-E917-4F90-82D3-65120C0AB76B} = {A047C4BC-A0F6-4800-89BC-642EAC675FAC}
		{83BEA33A-4458-4856-9B80-1C8B3F5D31C6} = {2405CDC7-B7BD-4AFD-908F-A06BB066D3A0}
		{520D45FB-525B-4086-892C-FBD5C14E0061} = {7C9F3636-FBA0-47CE-8CBE-BAA5EA6C0467}
		{EE8F3459-D431-490F-B3D1-F84A335878AB} = {6FB12B88-E26E-4932-9B46-744950A24FFE}
		{ED95BF6E-9AE2-455F-A4FC-9CE6C2B44F9B} = {1E20535D-4687-4284-8CB1-345D4A862F7A}
		{417F57E4-4C25-46E2-93E4-66E08508FEE4} = {ED95BF6E-9AE2-455F-A4FC-9CE6C2B44F9B}
		{05DAB2A1-057E-4310-AEA0-DDD36D5501D7} = {1E20535D-4687-4284-8CB1-345D4A862F7A}
		{AC1F7B2B-54CC-4928-8551-ABF3C9102A78} = {98B34D05-790B-4653-BC73-08DAB4AD30E9}
		{D6F7BF0E-B310-42C4-A348-56DC856C516A} = {AC1F7B2B-54CC-4928-8551-ABF3C9102A78}
		{071C7EF2-49B7-4064-AC10-F06133FB3366} = {0905E2F1-64C7-42A3-B825-DDBD09232DED}
		{0905E2F1-64C7-42A3-B825-DDBD09232DED} = {AC1F7B2B-54CC-4928-8551-ABF3C9102A78}
		{1E20535D-4687-4284-8CB1-345D4A862F7A} = {E2D8D305-7583-4E08-91C8-36C809040505}
		{4B25786F-A462-406E-9290-50A3F782693A} = {8F39549C-20D6-417D-AF16-A0D4EEC1D0F1}
		{72338640-74DE-42D2-B000-6BB51F7E990E} = {8F39549C-20D6-417D-AF16-A0D4EEC1D0F1}
		{1DF9825D-5BB2-4B64-9282-545BB7D1E16C} = {4B25786F-A462-406E-9290-50A3F782693A}
		{7C9F3636-FBA0-47CE-8CBE-BAA5EA6C0467} = {4B25786F-A462-406E-9290-50A3F782693A}
		{CB2C6C9C-1470-4085-AD23-74162B4B8BE6} = {4B25786F-A462-406E-9290-50A3F782693A}
		{C64BA2A4-8A8A-44A7-AF90-DA8A37C812FF} = {72338640-74DE-42D2-B000-6BB51F7E990E}
		{DEBEBB71-9DE8-4712-9D8A-E5151BF03B3B} = {8E5224B0-A010-4D9E-95AF-2C3DB2DC61FD}
		{ED532DE1-BA9E-4444-ACDF-8CE727A67AB8} = {DEBEBB71-9DE8-4712-9D8A-E5151BF03B3B}
		{1021AE4E-2288-4503-B087-E591C1A03360} = {ED532DE1-BA9E-4444-ACDF-8CE727A67AB8}
		{FE801DD8-7697-4CE9-9A37-C6270F348672} = {DEBEBB71-9DE8-4712-9D8A-E5151BF03B3B}
		{D6A0E424-F142-4729-9BE6-C14735290610} = {98B34D05-790B-4653-BC73-08DAB4AD30E9}
		{0B0FF336-4A19-4D92-97FA-07F26597E2B1} = {D6A0E424-F142-4729-9BE6-C14735290610}
		{48F7F360-27AE-4C3C-85D0-57D20C49FE13} = {0B0FF336-4A19-4D92-97FA-07F26597E2B1}
		{A472B64D-3BF5-4A4F-B3E0-79874E4543BA} = {D6A0E424-F142-4729-9BE6-C14735290610}
		{2769A9CF-8E98-4944-B7A6-3A0FB6FDFDD5} = {8E5224B0-A010-4D9E-95AF-2C3DB2DC61FD}
		{568D82B8-C1F2-4E55-8F3D-53F85EBB3BFC} = {2769A9CF-8E98-4944-B7A6-3A0FB6FDFDD5}
		{3F833A6F-AF79-458D-A50C-B073629D67E7} = {8E5224B0-A010-4D9E-95AF-2C3DB2DC61FD}
		{A047C4BC-A0F6-4800-89BC-642EAC675FAC} = {3F833A6F-AF79-458D-A50C-B073629D67E7}
		{6FB12B88-E26E-4932-9B46-744950A24FFE} = {2405CDC7-B7BD-4AFD-908F-A06BB066D3A0}
		{4D153E52-4D66-45E6-A4E8-E5EB7D01AE53} = {7C9F3636-FBA0-47CE-8CBE-BAA5EA6C0467}
		{059750E0-26BC-4620-B48D-AEFBE5209DB3} = {CB2C6C9C-1470-4085-AD23-74162B4B8BE6}
		{F60240CA-2970-4A7D-AE52-9FB31114D3FE} = {1DF9825D-5BB2-4B64-9282-545BB7D1E16C}
		{B7FF9040-F869-4A8B-81B8-02797856532B} = {8E5224B0-A010-4D9E-95AF-2C3DB2DC61FD}
		{77DE9060-1330-4AB5-966F-D3E956E2DD97} = {B7FF9040-F869-4A8B-81B8-02797856532B}
		{343284CB-3738-4384-BF2E-319799250A70} = {B7FF9040-F869-4A8B-81B8-02797856532B}
		{5E8E3396-C001-46C2-9616-909F158A3D8A} = {77DE9060-1330-4AB5-966F-D3E956E2DD97}
		{155C7ED4-FDD5-489C-9AEC-8FF7E58ECD07} = {8F39549C-20D6-417D-AF16-A0D4EEC1D0F1}
		{333D634F-F204-44DC-93A2-907E6F2DB672} = {155C7ED4-FDD5-489C-9AEC-8FF7E58ECD07}
		{F92190A4-DE62-49FD-9E46-9FBFE56351F8} = {333D634F-F204-44DC-93A2-907E6F2DB672}
		{7B01A10B-D765-46D5-8C67-9662B40F0F7F} = {333D634F-F204-44DC-93A2-907E6F2DB672}
		{C5B185CE-3757-4EBE-B944-EF4AA876FFAC} = {F92190A4-DE62-49FD-9E46-9FBFE56351F8}
		{D5C3E215-686A-4171-9E87-248BC8836B8B} = {155C7ED4-FDD5-489C-9AEC-8FF7E58ECD07}
		{365825E5-43CF-4E7C-87B5-69C592BB0C5E} = {D5C3E215-686A-4171-9E87-248BC8836B8B}
		{0B1B2132-1300-4EDA-9982-F0C76E04E1C9} = {D5C3E215-686A-4171-9E87-248BC8836B8B}
		{90916D36-D213-4AE3-8BB4-CFD023FC1569} = {365825E5-43CF-4E7C-87B5-69C592BB0C5E}
		{757B3872-EC61-4474-A3D6-DD2E1F569A34} = {98B34D05-790B-4653-BC73-08DAB4AD30E9}
		{0E44335C-AB32-4DC2-B028-C879D52E171C} = {757B3872-EC61-4474-A3D6-DD2E1F569A34}
		{717A26FD-F7F8-417B-95D9-1A3008DAB2E8} = {757B3872-EC61-4474-A3D6-DD2E1F569A34}
		{BF0D79EE-773E-437F-AD1F-B9FD9BB180C9} = {0E44335C-AB32-4DC2-B028-C879D52E171C}
		{7D4F643C-E1FE-4358-B64A-D3D8F9C3C07B} = {E2D8D305-7583-4E08-91C8-36C809040505}
		{5AE53B5D-7836-4D47-9FB1-C9E371894B4F} = {7D4F643C-E1FE-4358-B64A-D3D8F9C3C07B}
		{49A3F64D-58A8-4B4A-894A-ACFED9317B21} = {5AE53B5D-7836-4D47-9FB1-C9E371894B4F}
		{C0EF0607-F743-4E15-8507-F8FC0999D9C7} = {7D4F643C-E1FE-4358-B64A-D3D8F9C3C07B}
		{BA0EE1F3-A8D7-429E-8414-196C0C209F30} = {8F39549C-20D6-417D-AF16-A0D4EEC1D0F1}
		{833EDA81-C661-4000-A2E1-E23C487277F7} = {BA0EE1F3-A8D7-429E-8414-196C0C209F30}
		{9579ABDA-F0E6-4BBF-AD55-BCB96BDBE97A} = {BA0EE1F3-A8D7-429E-8414-196C0C209F30}
		{221A29D5-7EFC-4706-ADF7-0AE48C3ECF55} = {9579ABDA-F0E6-4BBF-AD55-BCB96BDBE97A}
		{01B126D0-AA8B-460D-B570-1A75F1A51201} = {1DF9825D-5BB2-4B64-9282-545BB7D1E16C}
		{0D00FCBD-7EF0-4608-A3CF-997B082633D2} = {F60240CA-2970-4A7D-AE52-9FB31114D3FE}
		{247AE950-F915-4B85-AAFD-DFF4055A5CBD} = {98B34D05-790B-4653-BC73-08DAB4AD30E9}
		{8F01AA30-527E-4D7A-8937-AEEA83650C39} = {247AE950-F915-4B85-AAFD-DFF4055A5CBD}
		{A5A38B1E-20F0-43D6-A66C-FAFF79264C5A} = {247AE950-F915-4B85-AAFD-DFF4055A5CBD}
		{CA2EE662-B010-45BA-AF11-A14BC8448AF3} = {8F01AA30-527E-4D7A-8937-AEEA83650C39}
		{00FB2B12-6038-4467-A5E4-C2B862C59399} = {059750E0-26BC-4620-B48D-AEFBE5209DB3}
		{C597B316-B90C-43C4-B9C7-EB5C89D905C4} = {CB2C6C9C-1470-4085-AD23-74162B4B8BE6}
		{52C49AA0-FEBB-4C36-88C6-12729ABF58CD} = {4D153E52-4D66-45E6-A4E8-E5EB7D01AE53}
		{BF5E0D0A-9FF4-4079-B40A-160A326B634C} = {7C9F3636-FBA0-47CE-8CBE-BAA5EA6C0467}
		{B0867E79-474D-47EC-B6F6-3BCB91477856} = {C64BA2A4-8A8A-44A7-AF90-DA8A37C812FF}
		{86D707A7-6360-4BE2-9F9A-276066BB0D47} = {B0867E79-474D-47EC-B6F6-3BCB91477856}
		{3FE19E0B-4A89-4632-A657-AAC154A1D53E} = {C64BA2A4-8A8A-44A7-AF90-DA8A37C812FF}
		{90C4917B-FFC4-4BB3-8DC1-46C0C723721D} = {98B34D05-790B-4653-BC73-08DAB4AD30E9}
		{413EC6E9-A426-4F9A-BECB-6DAC215A05A1} = {90C4917B-FFC4-4BB3-8DC1-46C0C723721D}
		{0E3D1B7C-BDCE-40E1-975A-6914E9F86CEB} = {90C4917B-FFC4-4BB3-8DC1-46C0C723721D}
		{E0561AA4-85A5-47A8-BCC5-A8305C6E8DFE} = {413EC6E9-A426-4F9A-BECB-6DAC215A05A1}
		{14DA1CF2-C87B-41C7-8266-6AFB49201ADA} = {4B25786F-A462-406E-9290-50A3F782693A}
		{7063D1A6-45C4-4EBF-B9EE-EFE6329A3F23} = {14DA1CF2-C87B-41C7-8266-6AFB49201ADA}
		{93FF0879-BE53-4F1E-AE7E-EFF34B2BF16A} = {72338640-74DE-42D2-B000-6BB51F7E990E}
		{F88024F9-1EEF-49A2-93E8-79ADB658CD5F} = {93FF0879-BE53-4F1E-AE7E-EFF34B2BF16A}
		{F6EE6D01-7126-41A4-BA5E-5B46799B9596} = {F88024F9-1EEF-49A2-93E8-79ADB658CD5F}
		{8827F11D-BF4D-456B-BB8C-6F3A4F1C56EA} = {93FF0879-BE53-4F1E-AE7E-EFF34B2BF16A}
		{85FEB2A5-14DA-4320-A091-78D7BEE90D5D} = {14DA1CF2-C87B-41C7-8266-6AFB49201ADA}
		{6AF7C1C8-D8BD-4BED-9AC0-494C97EB45CF} = {72338640-74DE-42D2-B000-6BB51F7E990E}
		{D0A330AB-3629-46D2-B204-4248BDDABB33} = {6AF7C1C8-D8BD-4BED-9AC0-494C97EB45CF}
		{C1887C6D-0465-4EFE-90CA-B9422CBE53EC} = {98B34D05-790B-4653-BC73-08DAB4AD30E9}
		{20BF549C-8B2A-4C44-9163-D2A43CD244EC} = {C1887C6D-0465-4EFE-90CA-B9422CBE53EC}
		{90826AAC-7E1D-47C5-A571-9CF377BFD6ED} = {20BF549C-8B2A-4C44-9163-D2A43CD244EC}
		{1F46D01A-331C-4849-89D4-A8711488C031} = {C1887C6D-0465-4EFE-90CA-B9422CBE53EC}
		{3A2D2F21-BAFF-4E03-B05C-9DB04146D621} = {4B25786F-A462-406E-9290-50A3F782693A}
		{91C2B6CC-79B2-4F25-AF27-3096677D1BF9} = {3A2D2F21-BAFF-4E03-B05C-9DB04146D621}
		{32A4E9EF-90B3-45EC-82CB-AA6DDCE0CAB9} = {3A2D2F21-BAFF-4E03-B05C-9DB04146D621}
		{3F13248C-C4DE-43EE-9039-E1E70B538B4B} = {32A4E9EF-90B3-45EC-82CB-AA6DDCE0CAB9}
		{33904CE6-05EB-469C-AD97-E1EEED7BFFCF} = {7063D1A6-45C4-4EBF-B9EE-EFE6329A3F23}
		{982F58A3-572D-4BE5-A281-92E38A1E8755} = {4B25786F-A462-406E-9290-50A3F782693A}
		{33679E7D-697E-498A-BC97-DEBFF66C7BFB} = {54CE2E53-629A-425D-B64B-EF093D30DDE8}
		{54CE2E53-629A-425D-B64B-EF093D30DDE8} = {982F58A3-572D-4BE5-A281-92E38A1E8755}
		{209F324D-1A57-43F0-871A-FE962E443584} = {982F58A3-572D-4BE5-A281-92E38A1E8755}
		{CE10FB8D-A620-456C-8F5F-4727352ED2F8} = {CB2C6C9C-1470-4085-AD23-74162B4B8BE6}
		{952B5E56-7381-480D-AD90-843426730448} = {155C7ED4-FDD5-489C-9AEC-8FF7E58ECD07}
		{5C0C16D1-6BA9-4411-BD71-0173FA6D107C} = {952B5E56-7381-480D-AD90-843426730448}
		{B2C0F510-7AA5-4BA3-A530-7183BE2CF449} = {952B5E56-7381-480D-AD90-843426730448}
		{FBAD61E9-8625-43DC-A7A4-6CAE1C58A0BD} = {5C0C16D1-6BA9-4411-BD71-0173FA6D107C}
	EndGlobalSection
EndGlobal
